{
    "name": "@loupeteam/librarybuilderproject",
    "version": "0.2.0",
    "lockfileVersion": 3,
    "requires": true,
    "packages": {
        "": {
            "name": "@loupeteam/librarybuilderproject",
            "version": "0.2.0",
            "license": "MIT",
            "dependencies": {
                "@loupeteam/diriozip": "^0.0.5",
                "@loupeteam/librarybuilderproject": "^0.3.0"
            }
        },
        "node_modules/@loupeteam/diriowrap": {
            "version": "0.0.8",
            "resolved": "https://npm.pkg.github.com/download/@loupeteam/diriowrap/0.0.8/2273ed2d3ef5b5fd39eb1624d840ec3fee44e54a",
            "integrity": "sha512-ve6aCnss1z/tuGVT8iKqJE3C0KoBe+xjG7xr63LdJ2XKCZsA6MRPu0Wupwg3Ziuqpvfot0UJOy2phdZUQT1lcA==",
            "license": "MIT"
        },
        "node_modules/@loupeteam/diriozip": {
            "version": "0.0.5",
            "resolved": "https://npm.pkg.github.com/download/@loupeteam/diriozip/0.0.5/2ef2a6cd1ddc05d60293cddec476ce5d0fa5ad70",
            "integrity": "sha512-HrT+Pss9PeGQDhPetJ55XQd4lDQHYCy+aUNdtzRSKEAOHmMOFt/edrinkpjoS38gVNHKY+AaqAsqTXULGn9w/g==",
            "license": "Loupe Software License Agreement",
            "dependencies": {
                "@loupeteam/diriowrap": "*"
            }
        },
        "node_modules/@loupeteam/librarybuilderproject": {
            "version": "0.3.0",
            "resolved": "https://npm.pkg.github.com/download/@loupeteam/librarybuilderproject/0.3.0/9c3c1fc98350439d618573f3b465d94e3ae1e000",
            "integrity": "sha512-kUOwhpPoqQ1DikLGFBH3c8+nsb28ayX2IpQRC0UaEg34cV4GrRoI0FvkSovc3tgrGohpyvxFPRy5C6TM5wj7JA==",
            "license": "MIT"
        }
    }
}
